// !$*UTF8*$!
{
	archiveVersion = 1;
	classes = {
	};
	objectVersion = 77;
	objects = {

/* Begin PBXBuildFile section */
		4704B4C3DB57590C4F566C43 /* OnboardingView.swift in Sources */ = {isa = PBXBuildFile; fileRef = 879C6B84A089EB4B8850D3B2 /* OnboardingView.swift */; };
		520A574E73E8E721B7BFE740 /* SnoreLabApp.swift in Sources */ = {isa = PBXBuildFile; fileRef = 7BEA1CF57A00F380F602DEF3 /* SnoreLabApp.swift */; };
		853B339E69ACBCC11D9DC7E5 /* HomeView.swift in Sources */ = {isa = PBXBuildFile; fileRef = 5E8A03140B1B02F4E48CD635 /* HomeView.swift */; };
		864C9D9A439CA8CD28924B4A /* Assets.xcassets in Resources */ = {isa = PBXBuildFile; fileRef = 92CB71BA7BA7CA3707263B3B /* Assets.xcassets */; };
		8FC1582743DBC36ED12D927F /* SnoreAudio in Frameworks */ = {isa = PBXBuildFile; productRef = 6395201F6074F1440E03391D /* SnoreAudio */; };
		902DD15BEB6F344A2C9C0AA8 /* SnoreStorage in Frameworks */ = {isa = PBXBuildFile; productRef = 67DEE7985E19B32A92B2407B /* SnoreStorage */; };
		A973F77902663EE589527A5C /* ReportView.swift in Sources */ = {isa = PBXBuildFile; fileRef = 5C47E2B2EAFDBFC0FB8DE6C2 /* ReportView.swift */; };
		D07E22172713B71A89C20682 /* PrivacyInfo.xcprivacy in Resources */ = {isa = PBXBuildFile; fileRef = 73CA8A4EFD6CBC2189CB860D /* PrivacyInfo.xcprivacy */; };
		D0D5ABF264A0C19B355C9062 /* SnoreCore in Frameworks */ = {isa = PBXBuildFile; productRef = A084F318B78AF403538D1575 /* SnoreCore */; };
		E3CC711C22A2A822F3E14682 /* SettingsView.swift in Sources */ = {isa = PBXBuildFile; fileRef = 6213EFA19F379EC3CB4660D0 /* SettingsView.swift */; };
		F5151D374E4C49BD60E54FAA /* HistoryView.swift in Sources */ = {isa = PBXBuildFile; fileRef = D1686CDB980BB91BE4955427 /* HistoryView.swift */; };
/* End PBXBuildFile section */

/* Begin PBXFileReference section */
		0DE6FDE4FDBAF8F2A11E2D52 /* Info.plist */ = {isa = PBXFileReference; lastKnownFileType = text.plist; path = Info.plist; sourceTree = "<group>"; };
		18D47DF34922D35AC650F845 /* SnoreCore */ = {isa = PBXFileReference; lastKnownFileType = folder; name = SnoreCore; path = Packages/SnoreCore; sourceTree = SOURCE_ROOT; };
		36979B440CB4E4E1025F2347 /* SnoreAudio */ = {isa = PBXFileReference; lastKnownFileType = folder; name = SnoreAudio; path = Packages/SnoreAudio; sourceTree = SOURCE_ROOT; };
		5C47E2B2EAFDBFC0FB8DE6C2 /* ReportView.swift */ = {isa = PBXFileReference; lastKnownFileType = sourcecode.swift; path = ReportView.swift; sourceTree = "<group>"; };
		5E8A03140B1B02F4E48CD635 /* HomeView.swift */ = {isa = PBXFileReference; lastKnownFileType = sourcecode.swift; path = HomeView.swift; sourceTree = "<group>"; };
		6213EFA19F379EC3CB4660D0 /* SettingsView.swift */ = {isa = PBXFileReference; lastKnownFileType = sourcecode.swift; path = SettingsView.swift; sourceTree = "<group>"; };
		73CA8A4EFD6CBC2189CB860D /* PrivacyInfo.xcprivacy */ = {isa = PBXFileReference; path = PrivacyInfo.xcprivacy; sourceTree = "<group>"; };
		7BEA1CF57A00F380F602DEF3 /* SnoreLabApp.swift */ = {isa = PBXFileReference; lastKnownFileType = sourcecode.swift; path = SnoreLabApp.swift; sourceTree = "<group>"; };
		879C6B84A089EB4B8850D3B2 /* OnboardingView.swift */ = {isa = PBXFileReference; lastKnownFileType = sourcecode.swift; path = OnboardingView.swift; sourceTree = "<group>"; };
		92CB71BA7BA7CA3707263B3B /* Assets.xcassets */ = {isa = PBXFileReference; lastKnownFileType = folder.assetcatalog; path = Assets.xcassets; sourceTree = "<group>"; };
		9DBABD3D43CEDA4D1C467832 /* SnoreStorage */ = {isa = PBXFileReference; lastKnownFileType = folder; name = SnoreStorage; path = Packages/SnoreStorage; sourceTree = SOURCE_ROOT; };
		D1686CDB980BB91BE4955427 /* HistoryView.swift */ = {isa = PBXFileReference; lastKnownFileType = sourcecode.swift; path = HistoryView.swift; sourceTree = "<group>"; };
		D4E84E397CEDB92AD7A8A57E /* SnoreLab.app */ = {isa = PBXFileReference; includeInIndex = 0; lastKnownFileType = wrapper.application; path = SnoreLab.app; sourceTree = BUILT_PRODUCTS_DIR; };
/* End PBXFileReference section */

/* Begin PBXFrameworksBuildPhase section */
		A0E386D222BB983A7B3EC989 /* Frameworks */ = {
			isa = PBXFrameworksBuildPhase;
			buildActionMask = 2147483647;
			files = (
				D0D5ABF264A0C19B355C9062 /* SnoreCore in Frameworks */,
				8FC1582743DBC36ED12D927F /* SnoreAudio in Frameworks */,
				902DD15BEB6F344A2C9C0AA8 /* SnoreStorage in Frameworks */,
			);
			runOnlyForDeploymentPostprocessing = 0;
		};
/* End PBXFrameworksBuildPhase section */

/* Begin PBXGroup section */
		0613B88B04310B4D9BD8D3AC /* Packages */ = {
			isa = PBXGroup;
			children = (
				36979B440CB4E4E1025F2347 /* SnoreAudio */,
				18D47DF34922D35AC650F845 /* SnoreCore */,
				9DBABD3D43CEDA4D1C467832 /* SnoreStorage */,
			);
			path = Packages;
			sourceTree = "<group>";
		};
		922ABCCD68483B6390C6FA91 = {
			isa = PBXGroup;
			children = (
				0613B88B04310B4D9BD8D3AC /* Packages */,
				F1BB96244053B4824CBE9026 /* SnoreLab */,
				DBA3F87BBCC409CC546EC55B /* Products */,
			);
			sourceTree = "<group>";
		};
		DBA3F87BBCC409CC546EC55B /* Products */ = {
			isa = PBXGroup;
			children = (
				D4E84E397CEDB92AD7A8A57E /* SnoreLab.app */,
			);
			name = Products;
			sourceTree = "<group>";
		};
		F1BB96244053B4824CBE9026 /* SnoreLab */ = {
			isa = PBXGroup;
			children = (
				92CB71BA7BA7CA3707263B3B /* Assets.xcassets */,
				D1686CDB980BB91BE4955427 /* HistoryView.swift */,
				5E8A03140B1B02F4E48CD635 /* HomeView.swift */,
				0DE6FDE4FDBAF8F2A11E2D52 /* Info.plist */,
				879C6B84A089EB4B8850D3B2 /* OnboardingView.swift */,
				73CA8A4EFD6CBC2189CB860D /* PrivacyInfo.xcprivacy */,
				5C47E2B2EAFDBFC0FB8DE6C2 /* ReportView.swift */,
				6213EFA19F379EC3CB4660D0 /* SettingsView.swift */,
				7BEA1CF57A00F380F602DEF3 /* SnoreLabApp.swift */,
			);
			path = SnoreLab;
			sourceTree = "<group>";
		};
/* End PBXGroup section */

/* Begin PBXNativeTarget section */
		24DFBC34053B2023F3524C14 /* SnoreLab */ = {
			isa = PBXNativeTarget;
			buildConfigurationList = FF66103CAB9C2ED671339A90 /* Build configuration list for PBXNativeTarget "SnoreLab" */;
			buildPhases = (
				1C2B884AF3A4AE823B229B78 /* Sources */,
				7ED270FED0B8F7EFC0EE9987 /* Resources */,
				A0E386D222BB983A7B3EC989 /* Frameworks */,
			);
			buildRules = (
			);
			dependencies = (
			);
			name = SnoreLab;
			packageProductDependencies = (
				A084F318B78AF403538D1575 /* SnoreCore */,
				6395201F6074F1440E03391D /* SnoreAudio */,
				67DEE7985E19B32A92B2407B /* SnoreStorage */,
			);
			productName = SnoreLab;
			productReference = D4E84E397CEDB92AD7A8A57E /* SnoreLab.app */;
			productType = "com.apple.product-type.application";
		};
/* End PBXNativeTarget section */

/* Begin PBXProject section */
		15400EFD0D0A8027440424C2 /* Project object */ = {
			isa = PBXProject;
			attributes = {
				BuildIndependentTargetsInParallel = YES;
				LastUpgradeCheck = 1430;
				TargetAttributes = {
					24DFBC34053B2023F3524C14 = {
						DevelopmentTeam = "";
						ProvisioningStyle = Automatic;
					};
				};
			};
			buildConfigurationList = E56DCD2AFDB115199E6E84E6 /* Build configuration list for PBXProject "SnoreLab" */;
			developmentRegion = en;
			hasScannedForEncodings = 0;
			knownRegions = (
				Base,
				en,
			);
			mainGroup = 922ABCCD68483B6390C6FA91;
			minimizedProjectReferenceProxies = 1;
			packageReferences = (
				3B894C3F331112F3D722FAA1 /* XCLocalSwiftPackageReference "Packages/SnoreAudio" */,
				60E3F1446E36B3BD65725725 /* XCLocalSwiftPackageReference "Packages/SnoreCore" */,
				35D8997766A760338875E762 /* XCLocalSwiftPackageReference "Packages/SnoreStorage" */,
			);
			preferredProjectObjectVersion = 77;
			productRefGroup = DBA3F87BBCC409CC546EC55B /* Products */;
			projectDirPath = "";
			projectRoot = "";
			targets = (
				24DFBC34053B2023F3524C14 /* SnoreLab */,
			);
		};
/* End PBXProject section */

/* Begin PBXResourcesBuildPhase section */
		7ED270FED0B8F7EFC0EE9987 /* Resources */ = {
			isa = PBXResourcesBuildPhase;
			buildActionMask = 2147483647;
			files = (
				864C9D9A439CA8CD28924B4A /* Assets.xcassets in Resources */,
				D07E22172713B71A89C20682 /* PrivacyInfo.xcprivacy in Resources */,
			);
			runOnlyForDeploymentPostprocessing = 0;
		};
/* End PBXResourcesBuildPhase section */

/* Begin PBXSourcesBuildPhase section */
		1C2B884AF3A4AE823B229B78 /* Sources */ = {
			isa = PBXSourcesBuildPhase;
			buildActionMask = 2147483647;
			files = (
				F5151D374E4C49BD60E54FAA /* HistoryView.swift in Sources */,
				853B339E69ACBCC11D9DC7E5 /* HomeView.swift in Sources */,
				4704B4C3DB57590C4F566C43 /* OnboardingView.swift in Sources */,
				A973F77902663EE589527A5C /* ReportView.swift in Sources */,
				E3CC711C22A2A822F3E14682 /* SettingsView.swift in Sources */,
				520A574E73E8E721B7BFE740 /* SnoreLabApp.swift in Sources */,
			);
			runOnlyForDeploymentPostprocessing = 0;
		};
/* End PBXSourcesBuildPhase section */

/* Begin XCBuildConfiguration section */
		0A6F078A8F768BA5111570FA /* Release */ = {
			isa = XCBuildConfiguration;
			buildSettings = {
				ASSETCATALOG_COMPILER_APPICON_NAME = AppIcon;
				ASSETCATALOG_COMPILER_GLOBAL_ACCENT_COLOR_NAME = AccentColor;
				CODE_SIGN_IDENTITY = "iPhone Developer";
				CODE_SIGN_STYLE = Automatic;
				CURRENT_PROJECT_VERSION = 1;
				DEVELOPMENT_TEAM = "";
				INFOPLIST_FILE = SnoreLab/Info.plist;
				LD_RUNPATH_SEARCH_PATHS = (
					"$(inherited)",
					"@executable_path/Frameworks",
				);
				MARKETING_VERSION = 0.1.0;
				PRODUCT_BUNDLE_IDENTIFIER = com.snorelaboratory.SnoreLab;
				SDKROOT = iphoneos;
				SWIFT_VERSION = 5.9;
				TARGETED_DEVICE_FAMILY = 1;
			};
			name = Release;
		};
		1F924FCA8083B9D5BE41B5EC /* Debug */ = {
			isa = XCBuildConfiguration;
			buildSettings = {
				ASSETCATALOG_COMPILER_APPICON_NAME = AppIcon;
				ASSETCATALOG_COMPILER_GLOBAL_ACCENT_COLOR_NAME = AccentColor;
				CODE_SIGN_IDENTITY = "iPhone Developer";
				CODE_SIGN_STYLE = Automatic;
				CURRENT_PROJECT_VERSION = 1;
				DEVELOPMENT_TEAM = "";
				INFOPLIST_FILE = SnoreLab/Info.plist;
				LD_RUNPATH_SEARCH_PATHS = (
					"$(inherited)",
					"@executable_path/Frameworks",
				);
				MARKETING_VERSION = 0.1.0;
				PRODUCT_BUNDLE_IDENTIFIER = com.snorelaboratory.SnoreLab;
				SDKROOT = iphoneos;
				SWIFT_VERSION = 5.9;
				TARGETED_DEVICE_FAMILY = 1;
			};
			name = Debug;
		};
		2B6E1A508C7733F28054F916 /* Debug */ = {
			isa = XCBuildConfiguration;
			buildSettings = {
				ALWAYS_SEARCH_USER_PATHS = NO;
				CLANG_ANALYZER_NONNULL = YES;
				CLANG_ANALYZER_NUMBER_OBJECT_CONVERSION = YES_AGGRESSIVE;
				CLANG_CXX_LANGUAGE_STANDARD = "gnu++14";
				CLANG_CXX_LIBRARY = "libc++";
				CLANG_ENABLE_MODULES = YES;
				CLANG_ENABLE_OBJC_ARC = YES;
				CLANG_ENABLE_OBJC_WEAK = YES;
				CLANG_WARN_BLOCK_CAPTURE_AUTORELEASING = YES;
				CLANG_WARN_BOOL_CONVERSION = YES;
				CLANG_WARN_COMMA = YES;
				CLANG_WARN_CONSTANT_CONVERSION = YES;
				CLANG_WARN_DEPRECATED_OBJC_IMPLEMENTATIONS = YES;
				CLANG_WARN_DIRECT_OBJC_ISA_USAGE = YES_ERROR;
				CLANG_WARN_DOCUMENTATION_COMMENTS = YES;
				CLANG_WARN_EMPTY_BODY = YES;
				CLANG_WARN_ENUM_CONVERSION = YES;
				CLANG_WARN_INFINITE_RECURSION = YES;
				CLANG_WARN_INT_CONVERSION = YES;
				CLANG_WARN_NON_LITERAL_NULL_CONVERSION = YES;
				CLANG_WARN_OBJC_IMPLICIT_RETAIN_SELF = YES;
				CLANG_WARN_OBJC_LITERAL_CONVERSION = YES;
				CLANG_WARN_OBJC_ROOT_CLASS = YES_ERROR;
				CLANG_WARN_QUOTED_INCLUDE_IN_FRAMEWORK_HEADER = YES;
				CLANG_WARN_RANGE_LOOP_ANALYSIS = YES;
				CLANG_WARN_STRICT_PROTOTYPES = YES;
				CLANG_WARN_SUSPICIOUS_MOVE = YES;
				CLANG_WARN_UNGUARDED_AVAILABILITY = YES_AGGRESSIVE;
				CLANG_WARN_UNREACHABLE_CODE = YES;
				CLANG_WARN__DUPLICATE_METHOD_MATCH = YES;
				COPY_PHASE_STRIP = NO;
				DEBUG_INFORMATION_FORMAT = dwarf;
				ENABLE_STRICT_OBJC_MSGSEND = YES;
				ENABLE_TESTABILITY = YES;
				GCC_C_LANGUAGE_STANDARD = gnu11;
				GCC_DYNAMIC_NO_PIC = NO;
				GCC_NO_COMMON_BLOCKS = YES;
				GCC_OPTIMIZATION_LEVEL = 0;
				GCC_PREPROCESSOR_DEFINITIONS = (
					"$(inherited)",
					"DEBUG=1",
				);
				GCC_WARN_64_TO_32_BIT_CONVERSION = YES;
				GCC_WARN_ABOUT_RETURN_TYPE = YES_ERROR;
				GCC_WARN_UNDECLARED_SELECTOR = YES;
				GCC_WARN_UNINITIALIZED_AUTOS = YES_AGGRESSIVE;
				GCC_WARN_UNUSED_FUNCTION = YES;
				GCC_WARN_UNUSED_VARIABLE = YES;
				IPHONEOS_DEPLOYMENT_TARGET = 17.0;
				MTL_ENABLE_DEBUG_INFO = INCLUDE_SOURCE;
				MTL_FAST_MATH = YES;
				ONLY_ACTIVE_ARCH = YES;
				PRODUCT_NAME = "$(TARGET_NAME)";
				SDKROOT = iphoneos;
				SWIFT_ACTIVE_COMPILATION_CONDITIONS = DEBUG;
				SWIFT_OPTIMIZATION_LEVEL = "-Onone";
				SWIFT_VERSION = 5.0;
			};
			name = Debug;
		};
		AB5E07958742EEF869D05122 /* Release */ = {
			isa = XCBuildConfiguration;
			buildSettings = {
				ALWAYS_SEARCH_USER_PATHS = NO;
				CLANG_ANALYZER_NONNULL = YES;
				CLANG_ANALYZER_NUMBER_OBJECT_CONVERSION = YES_AGGRESSIVE;
				CLANG_CXX_LANGUAGE_STANDARD = "gnu++14";
				CLANG_CXX_LIBRARY = "libc++";
				CLANG_ENABLE_MODULES = YES;
				CLANG_ENABLE_OBJC_ARC = YES;
				CLANG_ENABLE_OBJC_WEAK = YES;
				CLANG_WARN_BLOCK_CAPTURE_AUTORELEASING = YES;
				CLANG_WARN_BOOL_CONVERSION = YES;
				CLANG_WARN_COMMA = YES;
				CLANG_WARN_CONSTANT_CONVERSION = YES;
				CLANG_WARN_DEPRECATED_OBJC_IMPLEMENTATIONS = YES;
				CLANG_WARN_DIRECT_OBJC_ISA_USAGE = YES_ERROR;
				CLANG_WARN_DOCUMENTATION_COMMENTS = YES;
				CLANG_WARN_EMPTY_BODY = YES;
				CLANG_WARN_ENUM_CONVERSION = YES;
				CLANG_WARN_INFINITE_RECURSION = YES;
				CLANG_WARN_INT_CONVERSION = YES;
				CLANG_WARN_NON_LITERAL_NULL_CONVERSION = YES;
				CLANG_WARN_OBJC_IMPLICIT_RETAIN_SELF = YES;
				CLANG_WARN_OBJC_LITERAL_CONVERSION = YES;
				CLANG_WARN_OBJC_ROOT_CLASS = YES_ERROR;
				CLANG_WARN_QUOTED_INCLUDE_IN_FRAMEWORK_HEADER = YES;
				CLANG_WARN_RANGE_LOOP_ANALYSIS = YES;
				CLANG_WARN_STRICT_PROTOTYPES = YES;
				CLANG_WARN_SUSPICIOUS_MOVE = YES;
				CLANG_WARN_UNGUARDED_AVAILABILITY = YES_AGGRESSIVE;
				CLANG_WARN_UNREACHABLE_CODE = YES;
				CLANG_WARN__DUPLICATE_METHOD_MATCH = YES;
				COPY_PHASE_STRIP = NO;
				DEBUG_INFORMATION_FORMAT = "dwarf-with-dsym";
				ENABLE_NS_ASSERTIONS = NO;
				ENABLE_STRICT_OBJC_MSGSEND = YES;
				GCC_C_LANGUAGE_STANDARD = gnu11;
				GCC_NO_COMMON_BLOCKS = YES;
				GCC_WARN_64_TO_32_BIT_CONVERSION = YES;
				GCC_WARN_ABOUT_RETURN_TYPE = YES_ERROR;
				GCC_WARN_UNDECLARED_SELECTOR = YES;
				GCC_WARN_UNINITIALIZED_AUTOS = YES_AGGRESSIVE;
				GCC_WARN_UNUSED_FUNCTION = YES;
				GCC_WARN_UNUSED_VARIABLE = YES;
				IPHONEOS_DEPLOYMENT_TARGET = 17.0;
				MTL_ENABLE_DEBUG_INFO = NO;
				MTL_FAST_MATH = YES;
				PRODUCT_NAME = "$(TARGET_NAME)";
				SDKROOT = iphoneos;
				SWIFT_COMPILATION_MODE = wholemodule;
				SWIFT_OPTIMIZATION_LEVEL = "-O";
				SWIFT_VERSION = 5.0;
			};
			name = Release;
		};
/* End XCBuildConfiguration section */

/* Begin XCConfigurationList section */
		E56DCD2AFDB115199E6E84E6 /* Build configuration list for PBXProject "SnoreLab" */ = {
			isa = XCConfigurationList;
			buildConfigurations = (
				2B6E1A508C7733F28054F916 /* Debug */,
				AB5E07958742EEF869D05122 /* Release */,
			);
			defaultConfigurationIsVisible = 0;
			defaultConfigurationName = Debug;
		};
		FF66103CAB9C2ED671339A90 /* Build configuration list for PBXNativeTarget "SnoreLab" */ = {
			isa = XCConfigurationList;
			buildConfigurations = (
				1F924FCA8083B9D5BE41B5EC /* Debug */,
				0A6F078A8F768BA5111570FA /* Release */,
			);
			defaultConfigurationIsVisible = 0;
			defaultConfigurationName = Debug;
		};
/* End XCConfigurationList section */

/* Begin XCLocalSwiftPackageReference section */
		35D8997766A760338875E762 /* XCLocalSwiftPackageReference "Packages/SnoreStorage" */ = {
			isa = XCLocalSwiftPackageReference;
			relativePath = Packages/SnoreStorage;
		};
		3B894C3F331112F3D722FAA1 /* XCLocalSwiftPackageReference "Packages/SnoreAudio" */ = {
			isa = XCLocalSwiftPackageReference;
			relativePath = Packages/SnoreAudio;
		};
		60E3F1446E36B3BD65725725 /* XCLocalSwiftPackageReference "Packages/SnoreCore" */ = {
			isa = XCLocalSwiftPackageReference;
			relativePath = Packages/SnoreCore;
		};
/* End XCLocalSwiftPackageReference section */

/* Begin XCSwiftPackageProductDependency section */
		6395201F6074F1440E03391D /* SnoreAudio */ = {
			isa = XCSwiftPackageProductDependency;
			productName = SnoreAudio;
		};
		67DEE7985E19B32A92B2407B /* SnoreStorage */ = {
			isa = XCSwiftPackageProductDependency;
			productName = SnoreStorage;
		};
		A084F318B78AF403538D1575 /* SnoreCore */ = {
			isa = XCSwiftPackageProductDependency;
			productName = SnoreCore;
		};
/* End XCSwiftPackageProductDependency section */
	};
	rootObject = 15400EFD0D0A8027440424C2 /* Project object */;
}
